{
  "name": "gojs",
  "version": "2.0.12",
  "lockfileVersion": 1,
  "requires": true,
  "dependencies": {
    "logic-circuit": {
      "version": "1.0.0",
      "resolved": "https://registry.npmjs.org/logic-circuit/-/logic-circuit-1.0.0.tgz",
      "integrity": "sha1-f1fX1KvXHUmlZp4Yv+kHk5o55As=",
      "requires": {
        "node-uuid": "^1.4.7"
      }
    },
    "node-uuid": {
      "version": "1.4.8",
      "resolved": "https://registry.npmjs.org/node-uuid/-/node-uuid-1.4.8.tgz",
      "integrity": "sha1-sEDrCSOWivq/jTL7HxfxFn/auQc="
    }
  }
}
